
Microsoft Visual Studio Solution File, Format Version 12.00
# Visual Studio Version 17
VisualStudioVersion = 17.11.35312.102
MinimumVisualStudioVersion = 10.0.40219.1
Project("{FAE04EC0-301F-11D3-BF4B-00C04F79EFBC}") = "Math", "Math\Math.csproj", "{ACD76B6F-DA63-4204-AD8E-6958D1F382CE}"
EndProject
Global
	GlobalSection(SolutionConfigurationPlatforms) = preSolution
		Debug|Any CPU = Debug|Any CPU
		Release|Any CPU = Release|Any CPU
	EndGlobalSection
	GlobalSection(ProjectConfigurationPlatforms) = postSolution
		{ACD76B6F-DA63-4204-AD8E-6958D1F382CE}.Debug|Any CPU.ActiveCfg = Debug|Any CPU
		{ACD76B6F-DA63-4204-AD8E-6958D1F382CE}.Debug|Any CPU.Build.0 = Debug|Any CPU
		{ACD76B6F-DA63-4204-AD8E-6958D1F382CE}.Release|Any CPU.ActiveCfg = Release|Any CPU
		{ACD76B6F-DA63-4204-AD8E-6958D1F382CE}.Release|Any CPU.Build.0 = Release|Any CPU
	EndGlobalSection
	GlobalSection(SolutionProperties) = preSolution
		HideSolutionNode = FALSE
	EndGlobalSection
	GlobalSection(ExtensibilityGlobals) = postSolution
		SolutionGuid = {507F1D97-27D2-4580-907B-081548892D51}
	EndGlobalSection
EndGlobal
