
Microsoft Visual Studio Solution File, Format Version 12.00
# Visual Studio Version 17
VisualStudioVersion = 17.11.35312.102
MinimumVisualStudioVersion = 10.0.40219.1
Project("{FAE04EC0-301F-11D3-BF4B-00C04F79EFBC}") = "firstc#1", "firstc#1\firstc#1.csproj", "{C36EFBA4-CCAC-4AA4-8B92-7D87F37BF2FD}"
EndProject
Global
	GlobalSection(SolutionConfigurationPlatforms) = preSolution
		Debug|Any CPU = Debug|Any CPU
		Release|Any CPU = Release|Any CPU
	EndGlobalSection
	GlobalSection(ProjectConfigurationPlatforms) = postSolution
		{C36EFBA4-CCAC-4AA4-8B92-7D87F37BF2FD}.Debug|Any CPU.ActiveCfg = Debug|Any CPU
		{C36EFBA4-CCAC-4AA4-8B92-7D87F37BF2FD}.Debug|Any CPU.Build.0 = Debug|Any CPU
		{C36EFBA4-CCAC-4AA4-8B92-7D87F37BF2FD}.Release|Any CPU.ActiveCfg = Release|Any CPU
		{C36EFBA4-CCAC-4AA4-8B92-7D87F37BF2FD}.Release|Any CPU.Build.0 = Release|Any CPU
	EndGlobalSection
	GlobalSection(SolutionProperties) = preSolution
		HideSolutionNode = FALSE
	EndGlobalSection
	GlobalSection(ExtensibilityGlobals) = postSolution
		SolutionGuid = {1469D245-3D1D-43F4-AD83-7E0AE60229DD}
	EndGlobalSection
EndGlobal
